// !$*UTF8*$!
{
	archiveVersion = 1;
	classes = {
	};
	objectVersion = 46;
	objects = {

/* Begin PBXBuildFile section */
		5DDEE2F71BD814B7002A8827 /* Twitter.framework in Frameworks */ = {isa = PBXBuildFile; fileRef = 5DDEE2F61BD814B7002A8827 /* Twitter.framework */; };
		5DDEE2F81BD814B7002A8827 /* Twitter.framework in Embed Frameworks */ = {isa = PBXBuildFile; fileRef = 5DDEE2F61BD814B7002A8827 /* Twitter.framework */; settings = {ATTRIBUTES = (CodeSignOnCopy, RemoveHeadersOnCopy, ); }; };
		5DF2A8071BDD98E100190EF9 /* MentionsTableViewController.swift in Sources */ = {isa = PBXBuildFile; fileRef = 5DF2A8061BDD98E100190EF9 /* MentionsTableViewController.swift */; };
		5DF2A80B1BDDCCFF00190EF9 /* ImageTableViewCell.swift in Sources */ = {isa = PBXBuildFile; fileRef = 5DF2A80A1BDDCCFF00190EF9 /* ImageTableViewCell.swift */; };
		5DF2A80D1BDECC5900190EF9 /* ImageViewController.swift in Sources */ = {isa = PBXBuildFile; fileRef = 5DF2A80C1BDECC5900190EF9 /* ImageViewController.swift */; };
		5DF2A80F1BDF261600190EF9 /* RecentSearchTableViewController.swift in Sources */ = {isa = PBXBuildFile; fileRef = 5DF2A80E1BDF261600190EF9 /* RecentSearchTableViewController.swift */; };
		ECB609BB1BD5BEED0006C8E1 /* AppDelegate.swift in Sources */ = {isa = PBXBuildFile; fileRef = ECB609BA1BD5BEED0006C8E1 /* AppDelegate.swift */; };
		ECB609C01BD5BEED0006C8E1 /* Main.storyboard in Resources */ = {isa = PBXBuildFile; fileRef = ECB609BE1BD5BEED0006C8E1 /* Main.storyboard */; };
		ECB609C21BD5BEED0006C8E1 /* Assets.xcassets in Resources */ = {isa = PBXBuildFile; fileRef = ECB609C11BD5BEED0006C8E1 /* Assets.xcassets */; };
		ECB609C51BD5BEED0006C8E1 /* LaunchScreen.storyboard in Resources */ = {isa = PBXBuildFile; fileRef = ECB609C31BD5BEED0006C8E1 /* LaunchScreen.storyboard */; };
		ECB609CE1BD5BFA40006C8E1 /* TweetTableViewController.swift in Sources */ = {isa = PBXBuildFile; fileRef = ECB609CD1BD5BFA40006C8E1 /* TweetTableViewController.swift */; };
		ECB609D41BD5C5810006C8E1 /* TweetTableViewCell.swift in Sources */ = {isa = PBXBuildFile; fileRef = ECB609D31BD5C5810006C8E1 /* TweetTableViewCell.swift */; };
/* End PBXBuildFile section */

/* Begin PBXCopyFilesBuildPhase section */
		EC8203191BD5DF870073BBE7 /* Embed Frameworks */ = {
			isa = PBXCopyFilesBuildPhase;
			buildActionMask = 2147483647;
			dstPath = "";
			dstSubfolderSpec = 10;
			files = (
				5DDEE2F81BD814B7002A8827 /* Twitter.framework in Embed Frameworks */,
			);
			name = "Embed Frameworks";
			runOnlyForDeploymentPostprocessing = 0;
		};
/* End PBXCopyFilesBuildPhase section */

/* Begin PBXFileReference section */
		5DDEE2F61BD814B7002A8827 /* Twitter.framework */ = {isa = PBXFileReference; explicitFileType = wrapper.framework; name = Twitter.framework; path = "/Users/WilliamMa/Desktop/Smashtag/Twitter/build/Debug-iphoneos/Twitter.framework"; sourceTree = "<absolute>"; };
		5DF2A8061BDD98E100190EF9 /* MentionsTableViewController.swift */ = {isa = PBXFileReference; fileEncoding = 4; lastKnownFileType = sourcecode.swift; path = MentionsTableViewController.swift; sourceTree = "<group>"; };
		5DF2A80A1BDDCCFF00190EF9 /* ImageTableViewCell.swift */ = {isa = PBXFileReference; fileEncoding = 4; lastKnownFileType = sourcecode.swift; path = ImageTableViewCell.swift; sourceTree = "<group>"; };
		5DF2A80C1BDECC5900190EF9 /* ImageViewController.swift */ = {isa = PBXFileReference; fileEncoding = 4; lastKnownFileType = sourcecode.swift; path = ImageViewController.swift; sourceTree = "<group>"; };
		5DF2A80E1BDF261600190EF9 /* RecentSearchTableViewController.swift */ = {isa = PBXFileReference; fileEncoding = 4; lastKnownFileType = sourcecode.swift; path = RecentSearchTableViewController.swift; sourceTree = "<group>"; };
		ECB609B71BD5BEEC0006C8E1 /* Smashtag.app */ = {isa = PBXFileReference; explicitFileType = wrapper.application; includeInIndex = 0; path = Smashtag.app; sourceTree = BUILT_PRODUCTS_DIR; };
		ECB609BA1BD5BEED0006C8E1 /* AppDelegate.swift */ = {isa = PBXFileReference; lastKnownFileType = sourcecode.swift; path = AppDelegate.swift; sourceTree = "<group>"; };
		ECB609BF1BD5BEED0006C8E1 /* Base */ = {isa = PBXFileReference; lastKnownFileType = file.storyboard; name = Base; path = Base.lproj/Main.storyboard; sourceTree = "<group>"; };
		ECB609C11BD5BEED0006C8E1 /* Assets.xcassets */ = {isa = PBXFileReference; lastKnownFileType = folder.assetcatalog; path = Assets.xcassets; sourceTree = "<group>"; };
		ECB609C41BD5BEED0006C8E1 /* Base */ = {isa = PBXFileReference; lastKnownFileType = file.storyboard; name = Base; path = Base.lproj/LaunchScreen.storyboard; sourceTree = "<group>"; };
		ECB609C61BD5BEED0006C8E1 /* Info.plist */ = {isa = PBXFileReference; lastKnownFileType = text.plist.xml; path = Info.plist; sourceTree = "<group>"; };
		ECB609CD1BD5BFA40006C8E1 /* TweetTableViewController.swift */ = {isa = PBXFileReference; fileEncoding = 4; lastKnownFileType = sourcecode.swift; path = TweetTableViewController.swift; sourceTree = "<group>"; };
		ECB609D31BD5C5810006C8E1 /* TweetTableViewCell.swift */ = {isa = PBXFileReference; fileEncoding = 4; lastKnownFileType = sourcecode.swift; path = TweetTableViewCell.swift; sourceTree = "<group>"; };
/* End PBXFileReference section */

/* Begin PBXFrameworksBuildPhase section */
		ECB609B41BD5BEEC0006C8E1 /* Frameworks */ = {
			isa = PBXFrameworksBuildPhase;
			buildActionMask = 2147483647;
			files = (
				5DDEE2F71BD814B7002A8827 /* Twitter.framework in Frameworks */,
			);
			runOnlyForDeploymentPostprocessing = 0;
		};
/* End PBXFrameworksBuildPhase section */

/* Begin PBXGroup section */
		ECB609AE1BD5BEEC0006C8E1 = {
			isa = PBXGroup;
			children = (
				5DDEE2F61BD814B7002A8827 /* Twitter.framework */,
				ECB609B91BD5BEEC0006C8E1 /* Smashtag */,
				ECB609B81BD5BEEC0006C8E1 /* Products */,
			);
			sourceTree = "<group>";
		};
		ECB609B81BD5BEEC0006C8E1 /* Products */ = {
			isa = PBXGroup;
			children = (
				ECB609B71BD5BEEC0006C8E1 /* Smashtag.app */,
			);
			name = Products;
			sourceTree = "<group>";
		};
		ECB609B91BD5BEEC0006C8E1 /* Smashtag */ = {
			isa = PBXGroup;
			children = (
				ECB609CC1BD5BEFF0006C8E1 /* Supporting Files */,
				ECB609BE1BD5BEED0006C8E1 /* Main.storyboard */,
				5DF2A80E1BDF261600190EF9 /* RecentSearchTableViewController.swift */,
				5DF2A80C1BDECC5900190EF9 /* ImageViewController.swift */,
				5DF2A8061BDD98E100190EF9 /* MentionsTableViewController.swift */,
				5DF2A80A1BDDCCFF00190EF9 /* ImageTableViewCell.swift */,
				ECB609D31BD5C5810006C8E1 /* TweetTableViewCell.swift */,
				ECB609CD1BD5BFA40006C8E1 /* TweetTableViewController.swift */,
			);
			path = Smashtag;
			sourceTree = "<group>";
		};
		ECB609CC1BD5BEFF0006C8E1 /* Supporting Files */ = {
			isa = PBXGroup;
			children = (
				ECB609BA1BD5BEED0006C8E1 /* AppDelegate.swift */,
				ECB609C11BD5BEED0006C8E1 /* Assets.xcassets */,
				ECB609C31BD5BEED0006C8E1 /* LaunchScreen.storyboard */,
				ECB609C61BD5BEED0006C8E1 /* Info.plist */,
			);
			name = "Supporting Files";
			sourceTree = "<group>";
		};
/* End PBXGroup section */

/* Begin PBXNativeTarget section */
		ECB609B61BD5BEEC0006C8E1 /* Smashtag */ = {
			isa = PBXNativeTarget;
			buildConfigurationList = ECB609C91BD5BEED0006C8E1 /* Build configuration list for PBXNativeTarget "Smashtag" */;
			buildPhases = (
				ECB609B31BD5BEEC0006C8E1 /* Sources */,
				ECB609B41BD5BEEC0006C8E1 /* Frameworks */,
				ECB609B51BD5BEEC0006C8E1 /* Resources */,
				EC8203191BD5DF870073BBE7 /* Embed Frameworks */,
			);
			buildRules = (
			);
			dependencies = (
			);
			name = Smashtag;
			productName = Smashtag;
			productReference = ECB609B71BD5BEEC0006C8E1 /* Smashtag.app */;
			productType = "com.apple.product-type.application";
		};
/* End PBXNativeTarget section */

/* Begin PBXProject section */
		ECB609AF1BD5BEEC0006C8E1 /* Project object */ = {
			isa = PBXProject;
			attributes = {
				LastUpgradeCheck = 0700;
				ORGANIZATIONNAME = "Stanford University";
				TargetAttributes = {
					ECB609B61BD5BEEC0006C8E1 = {
						CreatedOnToolsVersion = 7.0.1;
						DevelopmentTeam = 428J57A94M;
					};
				};
			};
			buildConfigurationList = ECB609B21BD5BEEC0006C8E1 /* Build configuration list for PBXProject "Smashtag" */;
			compatibilityVersion = "Xcode 3.2";
			developmentRegion = English;
			hasScannedForEncodings = 0;
			knownRegions = (
				en,
				Base,
			);
			mainGroup = ECB609AE1BD5BEEC0006C8E1;
			productRefGroup = ECB609B81BD5BEEC0006C8E1 /* Products */;
			projectDirPath = "";
			projectRoot = "";
			targets = (
				ECB609B61BD5BEEC0006C8E1 /* Smashtag */,
			);
		};
/* End PBXProject section */

/* Begin PBXResourcesBuildPhase section */
		ECB609B51BD5BEEC0006C8E1 /* Resources */ = {
			isa = PBXResourcesBuildPhase;
			buildActionMask = 2147483647;
			files = (
				ECB609C51BD5BEED0006C8E1 /* LaunchScreen.storyboard in Resources */,
				ECB609C21BD5BEED0006C8E1 /* Assets.xcassets in Resources */,
				ECB609C01BD5BEED0006C8E1 /* Main.storyboard in Resources */,
			);
			runOnlyForDeploymentPostprocessing = 0;
		};
/* End PBXResourcesBuildPhase section */

/* Begin PBXSourcesBuildPhase section */
		ECB609B31BD5BEEC0006C8E1 /* Sources */ = {
			isa = PBXSourcesBuildPhase;
			buildActionMask = 2147483647;
			files = (
				5DF2A8071BDD98E100190EF9 /* MentionsTableViewController.swift in Sources */,
				ECB609BB1BD5BEED0006C8E1 /* AppDelegate.swift in Sources */,
				5DF2A80B1BDDCCFF00190EF9 /* ImageTableViewCell.swift in Sources */,
				ECB609CE1BD5BFA40006C8E1 /* TweetTableViewController.swift in Sources */,
				5DF2A80D1BDECC5900190EF9 /* ImageViewController.swift in Sources */,
				5DF2A80F1BDF261600190EF9 /* RecentSearchTableViewController.swift in Sources */,
				ECB609D41BD5C5810006C8E1 /* TweetTableViewCell.swift in Sources */,
			);
			runOnlyForDeploymentPostprocessing = 0;
		};
/* End PBXSourcesBuildPhase section */

/* Begin PBXVariantGroup section */
		ECB609BE1BD5BEED0006C8E1 /* Main.storyboard */ = {
			isa = PBXVariantGroup;
			children = (
				ECB609BF1BD5BEED0006C8E1 /* Base */,
			);
			name = Main.storyboard;
			sourceTree = "<group>";
		};
		ECB609C31BD5BEED0006C8E1 /* LaunchScreen.storyboard */ = {
			isa = PBXVariantGroup;
			children = (
				ECB609C41BD5BEED0006C8E1 /* Base */,
			);
			name = LaunchScreen.storyboard;
			sourceTree = "<group>";
		};
/* End PBXVariantGroup section */

/* Begin XCBuildConfiguration section */
		ECB609C71BD5BEED0006C8E1 /* Debug */ = {
			isa = XCBuildConfiguration;
			buildSettings = {
				ALWAYS_SEARCH_USER_PATHS = NO;
				CLANG_CXX_LANGUAGE_STANDARD = "gnu++0x";
				CLANG_CXX_LIBRARY = "libc++";
				CLANG_ENABLE_MODULES = YES;
				CLANG_ENABLE_OBJC_ARC = YES;
				CLANG_WARN_BOOL_CONVERSION = YES;
				CLANG_WARN_CONSTANT_CONVERSION = YES;
				CLANG_WARN_DIRECT_OBJC_ISA_USAGE = YES_ERROR;
				CLANG_WARN_EMPTY_BODY = YES;
				CLANG_WARN_ENUM_CONVERSION = YES;
				CLANG_WARN_INT_CONVERSION = YES;
				CLANG_WARN_OBJC_ROOT_CLASS = YES_ERROR;
				CLANG_WARN_UNREACHABLE_CODE = YES;
				CLANG_WARN__DUPLICATE_METHOD_MATCH = YES;
				"CODE_SIGN_IDENTITY[sdk=iphoneos*]" = "iPhone Developer";
				COPY_PHASE_STRIP = NO;
				DEBUG_INFORMATION_FORMAT = dwarf;
				ENABLE_STRICT_OBJC_MSGSEND = YES;
				ENABLE_TESTABILITY = YES;
				GCC_C_LANGUAGE_STANDARD = gnu99;
				GCC_DYNAMIC_NO_PIC = NO;
				GCC_NO_COMMON_BLOCKS = YES;
				GCC_OPTIMIZATION_LEVEL = 0;
				GCC_PREPROCESSOR_DEFINITIONS = (
					"DEBUG=1",
					"$(inherited)",
				);
				GCC_WARN_64_TO_32_BIT_CONVERSION = YES;
				GCC_WARN_ABOUT_RETURN_TYPE = YES_ERROR;
				GCC_WARN_UNDECLARED_SELECTOR = YES;
				GCC_WARN_UNINITIALIZED_AUTOS = YES_AGGRESSIVE;
				GCC_WARN_UNUSED_FUNCTION = YES;
				GCC_WARN_UNUSED_VARIABLE = YES;
				IPHONEOS_DEPLOYMENT_TARGET = 9.0;
				MTL_ENABLE_DEBUG_INFO = YES;
				ONLY_ACTIVE_ARCH = YES;
				SDKROOT = iphoneos;
				SWIFT_OPTIMIZATION_LEVEL = "-Onone";
			};
			name = Debug;
		};
		ECB609C81BD5BEED0006C8E1 /* Release */ = {
			isa = XCBuildConfiguration;
			buildSettings = {
				ALWAYS_SEARCH_USER_PATHS = NO;
				CLANG_CXX_LANGUAGE_STANDARD = "gnu++0x";
				CLANG_CXX_LIBRARY = "libc++";
				CLANG_ENABLE_MODULES = YES;
				CLANG_ENABLE_OBJC_ARC = YES;
				CLANG_WARN_BOOL_CONVERSION = YES;
				CLANG_WARN_CONSTANT_CONVERSION = YES;
				CLANG_WARN_DIRECT_OBJC_ISA_USAGE = YES_ERROR;
				CLANG_WARN_EMPTY_BODY = YES;
				CLANG_WARN_ENUM_CONVERSION = YES;
				CLANG_WARN_INT_CONVERSION = YES;
				CLANG_WARN_OBJC_ROOT_CLASS = YES_ERROR;
				CLANG_WARN_UNREACHABLE_CODE = YES;
				CLANG_WARN__DUPLICATE_METHOD_MATCH = YES;
				"CODE_SIGN_IDENTITY[sdk=iphoneos*]" = "iPhone Developer";
				COPY_PHASE_STRIP = NO;
				DEBUG_INFORMATION_FORMAT = "dwarf-with-dsym";
				ENABLE_NS_ASSERTIONS = NO;
				ENABLE_STRICT_OBJC_MSGSEND = YES;
				GCC_C_LANGUAGE_STANDARD = gnu99;
				GCC_NO_COMMON_BLOCKS = YES;
				GCC_WARN_64_TO_32_BIT_CONVERSION = YES;
				GCC_WARN_ABOUT_RETURN_TYPE = YES_ERROR;
				GCC_WARN_UNDECLARED_SELECTOR = YES;
				GCC_WARN_UNINITIALIZED_AUTOS = YES_AGGRESSIVE;
				GCC_WARN_UNUSED_FUNCTION = YES;
				GCC_WARN_UNUSED_VARIABLE = YES;
				IPHONEOS_DEPLOYMENT_TARGET = 9.0;
				MTL_ENABLE_DEBUG_INFO = NO;
				SDKROOT = iphoneos;
				VALIDATE_PRODUCT = YES;
			};
			name = Release;
		};
		ECB609CA1BD5BEED0006C8E1 /* Debug */ = {
			isa = XCBuildConfiguration;
			buildSettings = {
				ASSETCATALOG_COMPILER_APPICON_NAME = AppIcon;
				CODE_SIGN_IDENTITY = "iPhone Developer";
				FRAMEWORK_SEARCH_PATHS = (
					"$(inherited)",
					"$(PROJECT_DIR)/Twitter/build/Debug-iphoneos",
				);
				INFOPLIST_FILE = Smashtag/Info.plist;
				LD_RUNPATH_SEARCH_PATHS = "$(inherited) @executable_path/Frameworks";
				PRODUCT_BUNDLE_IDENTIFIER = edu.stanford.cs193p.chuiwenm.Smashtag;
				PRODUCT_NAME = "$(TARGET_NAME)";
			};
			name = Debug;
		};
		ECB609CB1BD5BEED0006C8E1 /* Release */ = {
			isa = XCBuildConfiguration;
			buildSettings = {
				ASSETCATALOG_COMPILER_APPICON_NAME = AppIcon;
				CODE_SIGN_IDENTITY = "iPhone Developer";
				FRAMEWORK_SEARCH_PATHS = (
					"$(inherited)",
					"$(PROJECT_DIR)/Twitter/build/Debug-iphoneos",
				);
				INFOPLIST_FILE = Smashtag/Info.plist;
				LD_RUNPATH_SEARCH_PATHS = "$(inherited) @executable_path/Frameworks";
				PRODUCT_BUNDLE_IDENTIFIER = edu.stanford.cs193p.chuiwenm.Smashtag;
				PRODUCT_NAME = "$(TARGET_NAME)";
			};
			name = Release;
		};
/* End XCBuildConfiguration section */

/* Begin XCConfigurationList section */
		ECB609B21BD5BEEC0006C8E1 /* Build configuration list for PBXProject "Smashtag" */ = {
			isa = XCConfigurationList;
			buildConfigurations = (
				ECB609C71BD5BEED0006C8E1 /* Debug */,
				ECB609C81BD5BEED0006C8E1 /* Release */,
			);
			defaultConfigurationIsVisible = 0;
			defaultConfigurationName = Release;
		};
		ECB609C91BD5BEED0006C8E1 /* Build configuration list for PBXNativeTarget "Smashtag" */ = {
			isa = XCConfigurationList;
			buildConfigurations = (
				ECB609CA1BD5BEED0006C8E1 /* Debug */,
				ECB609CB1BD5BEED0006C8E1 /* Release */,
			);
			defaultConfigurationIsVisible = 0;
			defaultConfigurationName = Release;
		};
/* End XCConfigurationList section */
	};
	rootObject = ECB609AF1BD5BEEC0006C8E1 /* Project object */;
}
